
Microsoft Visual Studio Solution File, Format Version 12.00
# Visual Studio Version 16
VisualStudioVersion = 16.0.30330.147
MinimumVisualStudioVersion = 10.0.40219.1
Project("{FAE04EC0-301F-11D3-BF4B-00C04F79EFBC}") = "ZombiesBaseClient", "ZombiesBaseClient\ZombiesBaseClient.csproj", "{289AF3B2-F3D7-403B-82B6-D6489EFEE680}"
EndProject
Project("{FAE04EC0-301F-11D3-BF4B-00C04F79EFBC}") = "ZombiesBaseServer", "ZombiesBaseServer\ZombiesBaseServer.csproj", "{172D418E-341E-4DA1-9335-302982BF3800}"
EndProject
Global
	GlobalSection(SolutionConfigurationPlatforms) = preSolution
		Debug|Any CPU = Debug|Any CPU
		Release|Any CPU = Release|Any CPU
	EndGlobalSection
	GlobalSection(ProjectConfigurationPlatforms) = postSolution
		{289AF3B2-F3D7-403B-82B6-D6489EFEE680}.Debug|Any CPU.ActiveCfg = Debug|Any CPU
		{289AF3B2-F3D7-403B-82B6-D6489EFEE680}.Debug|Any CPU.Build.0 = Debug|Any CPU
		{289AF3B2-F3D7-403B-82B6-D6489EFEE680}.Release|Any CPU.ActiveCfg = Release|Any CPU
		{289AF3B2-F3D7-403B-82B6-D6489EFEE680}.Release|Any CPU.Build.0 = Release|Any CPU
		{172D418E-341E-4DA1-9335-302982BF3800}.Debug|Any CPU.ActiveCfg = Debug|Any CPU
		{172D418E-341E-4DA1-9335-302982BF3800}.Debug|Any CPU.Build.0 = Debug|Any CPU
		{172D418E-341E-4DA1-9335-302982BF3800}.Release|Any CPU.ActiveCfg = Release|Any CPU
		{172D418E-341E-4DA1-9335-302982BF3800}.Release|Any CPU.Build.0 = Release|Any CPU
	EndGlobalSection
	GlobalSection(SolutionProperties) = preSolution
		HideSolutionNode = FALSE
	EndGlobalSection
	GlobalSection(ExtensibilityGlobals) = postSolution
		SolutionGuid = {0D0A3773-3562-4A67-8930-7D90D4C9F871}
	EndGlobalSection
EndGlobal
